// !$*UTF8*$!
{
	archiveVersion = 1;
	classes = {
	};
	objectVersion = 56;
	objects = {

/* Begin PBXBuildFile section */
		B353E1FD2970065A00C173CC /* AppDelegate.swift in Sources */ = {isa = PBXBuildFile; fileRef = B353E1FC2970065A00C173CC /* AppDelegate.swift */; };
		B353E1FF2970065B00C173CC /* SceneDelegate.swift in Sources */ = {isa = PBXBuildFile; fileRef = B353E1FE2970065B00C173CC /* SceneDelegate.swift */; };
		B353E2012970065B00C173CC /* ViewController.swift in Sources */ = {isa = PBXBuildFile; fileRef = B353E2002970065B00C173CC /* ViewController.swift */; };
		B353E2042970065B00C173CC /* Main.storyboard in Resources */ = {isa = PBXBuildFile; fileRef = B353E2022970065B00C173CC /* Main.storyboard */; };
		B353E2062970065C00C173CC /* Assets.xcassets in Resources */ = {isa = PBXBuildFile; fileRef = B353E2052970065C00C173CC /* Assets.xcassets */; };
		B353E2092970065C00C173CC /* LaunchScreen.storyboard in Resources */ = {isa = PBXBuildFile; fileRef = B353E2072970065C00C173CC /* LaunchScreen.storyboard */; };
		B353E2112970067300C173CC /* Story.swift in Sources */ = {isa = PBXBuildFile; fileRef = B353E2102970067300C173CC /* Story.swift */; };
		B353E2142970071300C173CC /* Mustache in Frameworks */ = {isa = PBXBuildFile; productRef = B353E2132970071300C173CC /* Mustache */; };
		B353E2162970073300C173CC /* story.mustache in Resources */ = {isa = PBXBuildFile; fileRef = B353E2152970073300C173CC /* story.mustache */; };
/* End PBXBuildFile section */

/* Begin PBXFileReference section */
		B353E1F92970065A00C173CC /* GRMustacheSwiftTest.app */ = {isa = PBXFileReference; explicitFileType = wrapper.application; includeInIndex = 0; path = GRMustacheSwiftTest.app; sourceTree = BUILT_PRODUCTS_DIR; };
		B353E1FC2970065A00C173CC /* AppDelegate.swift */ = {isa = PBXFileReference; lastKnownFileType = sourcecode.swift; path = AppDelegate.swift; sourceTree = "<group>"; };
		B353E1FE2970065B00C173CC /* SceneDelegate.swift */ = {isa = PBXFileReference; lastKnownFileType = sourcecode.swift; path = SceneDelegate.swift; sourceTree = "<group>"; };
		B353E2002970065B00C173CC /* ViewController.swift */ = {isa = PBXFileReference; lastKnownFileType = sourcecode.swift; path = ViewController.swift; sourceTree = "<group>"; };
		B353E2032970065B00C173CC /* Base */ = {isa = PBXFileReference; lastKnownFileType = file.storyboard; name = Base; path = Base.lproj/Main.storyboard; sourceTree = "<group>"; };
		B353E2052970065C00C173CC /* Assets.xcassets */ = {isa = PBXFileReference; lastKnownFileType = folder.assetcatalog; path = Assets.xcassets; sourceTree = "<group>"; };
		B353E2082970065C00C173CC /* Base */ = {isa = PBXFileReference; lastKnownFileType = file.storyboard; name = Base; path = Base.lproj/LaunchScreen.storyboard; sourceTree = "<group>"; };
		B353E20A2970065C00C173CC /* Info.plist */ = {isa = PBXFileReference; lastKnownFileType = text.plist.xml; path = Info.plist; sourceTree = "<group>"; };
		B353E2102970067300C173CC /* Story.swift */ = {isa = PBXFileReference; lastKnownFileType = sourcecode.swift; path = Story.swift; sourceTree = "<group>"; };
		B353E2152970073300C173CC /* story.mustache */ = {isa = PBXFileReference; explicitFileType = text.html; path = story.mustache; sourceTree = "<group>"; };
/* End PBXFileReference section */

/* Begin PBXFrameworksBuildPhase section */
		B353E1F62970065A00C173CC /* Frameworks */ = {
			isa = PBXFrameworksBuildPhase;
			buildActionMask = 2147483647;
			files = (
				B353E2142970071300C173CC /* Mustache in Frameworks */,
			);
			runOnlyForDeploymentPostprocessing = 0;
		};
/* End PBXFrameworksBuildPhase section */

/* Begin PBXGroup section */
		B353E1F02970065A00C173CC = {
			isa = PBXGroup;
			children = (
				B353E1FB2970065A00C173CC /* GRMustacheSwiftTest */,
				B353E1FA2970065A00C173CC /* Products */,
			);
			sourceTree = "<group>";
		};
		B353E1FA2970065A00C173CC /* Products */ = {
			isa = PBXGroup;
			children = (
				B353E1F92970065A00C173CC /* GRMustacheSwiftTest.app */,
			);
			name = Products;
			sourceTree = "<group>";
		};
		B353E1FB2970065A00C173CC /* GRMustacheSwiftTest */ = {
			isa = PBXGroup;
			children = (
				B353E1FC2970065A00C173CC /* AppDelegate.swift */,
				B353E1FE2970065B00C173CC /* SceneDelegate.swift */,
				B353E2002970065B00C173CC /* ViewController.swift */,
				B353E2102970067300C173CC /* Story.swift */,
				B353E2152970073300C173CC /* story.mustache */,
				B353E2022970065B00C173CC /* Main.storyboard */,
				B353E2052970065C00C173CC /* Assets.xcassets */,
				B353E2072970065C00C173CC /* LaunchScreen.storyboard */,
				B353E20A2970065C00C173CC /* Info.plist */,
			);
			path = GRMustacheSwiftTest;
			sourceTree = "<group>";
		};
/* End PBXGroup section */

/* Begin PBXNativeTarget section */
		B353E1F82970065A00C173CC /* GRMustacheSwiftTest */ = {
			isa = PBXNativeTarget;
			buildConfigurationList = B353E20D2970065C00C173CC /* Build configuration list for PBXNativeTarget "GRMustacheSwiftTest" */;
			buildPhases = (
				B353E1F52970065A00C173CC /* Sources */,
				B353E1F62970065A00C173CC /* Frameworks */,
				B353E1F72970065A00C173CC /* Resources */,
			);
			buildRules = (
			);
			dependencies = (
			);
			name = GRMustacheSwiftTest;
			packageProductDependencies = (
				B353E2132970071300C173CC /* Mustache */,
			);
			productName = GRMustacheSwiftTest;
			productReference = B353E1F92970065A00C173CC /* GRMustacheSwiftTest.app */;
			productType = "com.apple.product-type.application";
		};
/* End PBXNativeTarget section */

/* Begin PBXProject section */
		B353E1F12970065A00C173CC /* Project object */ = {
			isa = PBXProject;
			attributes = {
				BuildIndependentTargetsInParallel = 1;
				LastSwiftUpdateCheck = 1420;
				LastUpgradeCheck = 1420;
				TargetAttributes = {
					B353E1F82970065A00C173CC = {
						CreatedOnToolsVersion = 14.2;
					};
				};
			};
			buildConfigurationList = B353E1F42970065A00C173CC /* Build configuration list for PBXProject "GRMustacheSwiftTest" */;
			compatibilityVersion = "Xcode 14.0";
			developmentRegion = en;
			hasScannedForEncodings = 0;
			knownRegions = (
				en,
				Base,
			);
			mainGroup = B353E1F02970065A00C173CC;
			packageReferences = (
				B353E2122970071300C173CC /* XCRemoteSwiftPackageReference "GRMustache" */,
			);
			productRefGroup = B353E1FA2970065A00C173CC /* Products */;
			projectDirPath = "";
			projectRoot = "";
			targets = (
				B353E1F82970065A00C173CC /* GRMustacheSwiftTest */,
			);
		};
/* End PBXProject section */

/* Begin PBXResourcesBuildPhase section */
		B353E1F72970065A00C173CC /* Resources */ = {
			isa = PBXResourcesBuildPhase;
			buildActionMask = 2147483647;
			files = (
				B353E2092970065C00C173CC /* LaunchScreen.storyboard in Resources */,
				B353E2062970065C00C173CC /* Assets.xcassets in Resources */,
				B353E2042970065B00C173CC /* Main.storyboard in Resources */,
				B353E2162970073300C173CC /* story.mustache in Resources */,
			);
			runOnlyForDeploymentPostprocessing = 0;
		};
/* End PBXResourcesBuildPhase section */

/* Begin PBXSourcesBuildPhase section */
		B353E1F52970065A00C173CC /* Sources */ = {
			isa = PBXSourcesBuildPhase;
			buildActionMask = 2147483647;
			files = (
				B353E2012970065B00C173CC /* ViewController.swift in Sources */,
				B353E1FD2970065A00C173CC /* AppDelegate.swift in Sources */,
				B353E1FF2970065B00C173CC /* SceneDelegate.swift in Sources */,
				B353E2112970067300C173CC /* Story.swift in Sources */,
			);
			runOnlyForDeploymentPostprocessing = 0;
		};
/* End PBXSourcesBuildPhase section */

/* Begin PBXVariantGroup section */
		B353E2022970065B00C173CC /* Main.storyboard */ = {
			isa = PBXVariantGroup;
			children = (
				B353E2032970065B00C173CC /* Base */,
			);
			name = Main.storyboard;
			sourceTree = "<group>";
		};
		B353E2072970065C00C173CC /* LaunchScreen.storyboard */ = {
			isa = PBXVariantGroup;
			children = (
				B353E2082970065C00C173CC /* Base */,
			);
			name = LaunchScreen.storyboard;
			sourceTree = "<group>";
		};
/* End PBXVariantGroup section */

/* Begin XCBuildConfiguration section */
		B353E20B2970065C00C173CC /* Debug */ = {
			isa = XCBuildConfiguration;
			buildSettings = {
				ALWAYS_SEARCH_USER_PATHS = NO;
				CLANG_ANALYZER_NONNULL = YES;
				CLANG_ANALYZER_NUMBER_OBJECT_CONVERSION = YES_AGGRESSIVE;
				CLANG_CXX_LANGUAGE_STANDARD = "gnu++20";
				CLANG_ENABLE_MODULES = YES;
				CLANG_ENABLE_OBJC_ARC = YES;
				CLANG_ENABLE_OBJC_WEAK = YES;
				CLANG_WARN_BLOCK_CAPTURE_AUTORELEASING = YES;
				CLANG_WARN_BOOL_CONVERSION = YES;
				CLANG_WARN_COMMA = YES;
				CLANG_WARN_CONSTANT_CONVERSION = YES;
				CLANG_WARN_DEPRECATED_OBJC_IMPLEMENTATIONS = YES;
				CLANG_WARN_DIRECT_OBJC_ISA_USAGE = YES_ERROR;
				CLANG_WARN_DOCUMENTATION_COMMENTS = YES;
				CLANG_WARN_EMPTY_BODY = YES;
				CLANG_WARN_ENUM_CONVERSION = YES;
				CLANG_WARN_INFINITE_RECURSION = YES;
				CLANG_WARN_INT_CONVERSION = YES;
				CLANG_WARN_NON_LITERAL_NULL_CONVERSION = YES;
				CLANG_WARN_OBJC_IMPLICIT_RETAIN_SELF = YES;
				CLANG_WARN_OBJC_LITERAL_CONVERSION = YES;
				CLANG_WARN_OBJC_ROOT_CLASS = YES_ERROR;
				CLANG_WARN_QUOTED_INCLUDE_IN_FRAMEWORK_HEADER = YES;
				CLANG_WARN_RANGE_LOOP_ANALYSIS = YES;
				CLANG_WARN_STRICT_PROTOTYPES = YES;
				CLANG_WARN_SUSPICIOUS_MOVE = YES;
				CLANG_WARN_UNGUARDED_AVAILABILITY = YES_AGGRESSIVE;
				CLANG_WARN_UNREACHABLE_CODE = YES;
				CLANG_WARN__DUPLICATE_METHOD_MATCH = YES;
				COPY_PHASE_STRIP = NO;
				DEBUG_INFORMATION_FORMAT = dwarf;
				ENABLE_STRICT_OBJC_MSGSEND = YES;
				ENABLE_TESTABILITY = YES;
				GCC_C_LANGUAGE_STANDARD = gnu11;
				GCC_DYNAMIC_NO_PIC = NO;
				GCC_NO_COMMON_BLOCKS = YES;
				GCC_OPTIMIZATION_LEVEL = 0;
				GCC_PREPROCESSOR_DEFINITIONS = (
					"DEBUG=1",
					"$(inherited)",
				);
				GCC_WARN_64_TO_32_BIT_CONVERSION = YES;
				GCC_WARN_ABOUT_RETURN_TYPE = YES_ERROR;
				GCC_WARN_UNDECLARED_SELECTOR = YES;
				GCC_WARN_UNINITIALIZED_AUTOS = YES_AGGRESSIVE;
				GCC_WARN_UNUSED_FUNCTION = YES;
				GCC_WARN_UNUSED_VARIABLE = YES;
				IPHONEOS_DEPLOYMENT_TARGET = 16.2;
				MTL_ENABLE_DEBUG_INFO = INCLUDE_SOURCE;
				MTL_FAST_MATH = YES;
				ONLY_ACTIVE_ARCH = YES;
				SDKROOT = iphoneos;
				SWIFT_ACTIVE_COMPILATION_CONDITIONS = DEBUG;
				SWIFT_OPTIMIZATION_LEVEL = "-Onone";
			};
			name = Debug;
		};
		B353E20C2970065C00C173CC /* Release */ = {
			isa = XCBuildConfiguration;
			buildSettings = {
				ALWAYS_SEARCH_USER_PATHS = NO;
				CLANG_ANALYZER_NONNULL = YES;
				CLANG_ANALYZER_NUMBER_OBJECT_CONVERSION = YES_AGGRESSIVE;
				CLANG_CXX_LANGUAGE_STANDARD = "gnu++20";
				CLANG_ENABLE_MODULES = YES;
				CLANG_ENABLE_OBJC_ARC = YES;
				CLANG_ENABLE_OBJC_WEAK = YES;
				CLANG_WARN_BLOCK_CAPTURE_AUTORELEASING = YES;
				CLANG_WARN_BOOL_CONVERSION = YES;
				CLANG_WARN_COMMA = YES;
				CLANG_WARN_CONSTANT_CONVERSION = YES;
				CLANG_WARN_DEPRECATED_OBJC_IMPLEMENTATIONS = YES;
				CLANG_WARN_DIRECT_OBJC_ISA_USAGE = YES_ERROR;
				CLANG_WARN_DOCUMENTATION_COMMENTS = YES;
				CLANG_WARN_EMPTY_BODY = YES;
				CLANG_WARN_ENUM_CONVERSION = YES;
				CLANG_WARN_INFINITE_RECURSION = YES;
				CLANG_WARN_INT_CONVERSION = YES;
				CLANG_WARN_NON_LITERAL_NULL_CONVERSION = YES;
				CLANG_WARN_OBJC_IMPLICIT_RETAIN_SELF = YES;
				CLANG_WARN_OBJC_LITERAL_CONVERSION = YES;
				CLANG_WARN_OBJC_ROOT_CLASS = YES_ERROR;
				CLANG_WARN_QUOTED_INCLUDE_IN_FRAMEWORK_HEADER = YES;
				CLANG_WARN_RANGE_LOOP_ANALYSIS = YES;
				CLANG_WARN_STRICT_PROTOTYPES = YES;
				CLANG_WARN_SUSPICIOUS_MOVE = YES;
				CLANG_WARN_UNGUARDED_AVAILABILITY = YES_AGGRESSIVE;
				CLANG_WARN_UNREACHABLE_CODE = YES;
				CLANG_WARN__DUPLICATE_METHOD_MATCH = YES;
				COPY_PHASE_STRIP = NO;
				DEBUG_INFORMATION_FORMAT = "dwarf-with-dsym";
				ENABLE_NS_ASSERTIONS = NO;
				ENABLE_STRICT_OBJC_MSGSEND = YES;
				GCC_C_LANGUAGE_STANDARD = gnu11;
				GCC_NO_COMMON_BLOCKS = YES;
				GCC_WARN_64_TO_32_BIT_CONVERSION = YES;
				GCC_WARN_ABOUT_RETURN_TYPE = YES_ERROR;
				GCC_WARN_UNDECLARED_SELECTOR = YES;
				GCC_WARN_UNINITIALIZED_AUTOS = YES_AGGRESSIVE;
				GCC_WARN_UNUSED_FUNCTION = YES;
				GCC_WARN_UNUSED_VARIABLE = YES;
				IPHONEOS_DEPLOYMENT_TARGET = 16.2;
				MTL_ENABLE_DEBUG_INFO = NO;
				MTL_FAST_MATH = YES;
				SDKROOT = iphoneos;
				SWIFT_COMPILATION_MODE = wholemodule;
				SWIFT_OPTIMIZATION_LEVEL = "-O";
				VALIDATE_PRODUCT = YES;
			};
			name = Release;
		};
		B353E20E2970065C00C173CC /* Debug */ = {
			isa = XCBuildConfiguration;
			buildSettings = {
				ASSETCATALOG_COMPILER_APPICON_NAME = AppIcon;
				ASSETCATALOG_COMPILER_GLOBAL_ACCENT_COLOR_NAME = AccentColor;
				CODE_SIGN_STYLE = Automatic;
				CURRENT_PROJECT_VERSION = 1;
				GENERATE_INFOPLIST_FILE = YES;
				INFOPLIST_FILE = GRMustacheSwiftTest/Info.plist;
				INFOPLIST_KEY_UIApplicationSupportsIndirectInputEvents = YES;
				INFOPLIST_KEY_UILaunchStoryboardName = LaunchScreen;
				INFOPLIST_KEY_UIMainStoryboardFile = Main;
				INFOPLIST_KEY_UISupportedInterfaceOrientations_iPad = "UIInterfaceOrientationPortrait UIInterfaceOrientationPortraitUpsideDown UIInterfaceOrientationLandscapeLeft UIInterfaceOrientationLandscapeRight";
				INFOPLIST_KEY_UISupportedInterfaceOrientations_iPhone = "UIInterfaceOrientationPortrait UIInterfaceOrientationLandscapeLeft UIInterfaceOrientationLandscapeRight";
				LD_RUNPATH_SEARCH_PATHS = (
					"$(inherited)",
					"@executable_path/Frameworks",
				);
				MARKETING_VERSION = 1.0;
				PRODUCT_BUNDLE_IDENTIFIER = org.example.GRMustacheSwiftTest;
				PRODUCT_NAME = "$(TARGET_NAME)";
				SWIFT_EMIT_LOC_STRINGS = YES;
				SWIFT_VERSION = 5.0;
				TARGETED_DEVICE_FAMILY = "1,2";
			};
			name = Debug;
		};
		B353E20F2970065C00C173CC /* Release */ = {
			isa = XCBuildConfiguration;
			buildSettings = {
				ASSETCATALOG_COMPILER_APPICON_NAME = AppIcon;
				ASSETCATALOG_COMPILER_GLOBAL_ACCENT_COLOR_NAME = AccentColor;
				CODE_SIGN_STYLE = Automatic;
				CURRENT_PROJECT_VERSION = 1;
				GENERATE_INFOPLIST_FILE = YES;
				INFOPLIST_FILE = GRMustacheSwiftTest/Info.plist;
				INFOPLIST_KEY_UIApplicationSupportsIndirectInputEvents = YES;
				INFOPLIST_KEY_UILaunchStoryboardName = LaunchScreen;
				INFOPLIST_KEY_UIMainStoryboardFile = Main;
				INFOPLIST_KEY_UISupportedInterfaceOrientations_iPad = "UIInterfaceOrientationPortrait UIInterfaceOrientationPortraitUpsideDown UIInterfaceOrientationLandscapeLeft UIInterfaceOrientationLandscapeRight";
				INFOPLIST_KEY_UISupportedInterfaceOrientations_iPhone = "UIInterfaceOrientationPortrait UIInterfaceOrientationLandscapeLeft UIInterfaceOrientationLandscapeRight";
				LD_RUNPATH_SEARCH_PATHS = (
					"$(inherited)",
					"@executable_path/Frameworks",
				);
				MARKETING_VERSION = 1.0;
				PRODUCT_BUNDLE_IDENTIFIER = org.example.GRMustacheSwiftTest;
				PRODUCT_NAME = "$(TARGET_NAME)";
				SWIFT_EMIT_LOC_STRINGS = YES;
				SWIFT_VERSION = 5.0;
				TARGETED_DEVICE_FAMILY = "1,2";
			};
			name = Release;
		};
/* End XCBuildConfiguration section */

/* Begin XCConfigurationList section */
		B353E1F42970065A00C173CC /* Build configuration list for PBXProject "GRMustacheSwiftTest" */ = {
			isa = XCConfigurationList;
			buildConfigurations = (
				B353E20B2970065C00C173CC /* Debug */,
				B353E20C2970065C00C173CC /* Release */,
			);
			defaultConfigurationIsVisible = 0;
			defaultConfigurationName = Release;
		};
		B353E20D2970065C00C173CC /* Build configuration list for PBXNativeTarget "GRMustacheSwiftTest" */ = {
			isa = XCConfigurationList;
			buildConfigurations = (
				B353E20E2970065C00C173CC /* Debug */,
				B353E20F2970065C00C173CC /* Release */,
			);
			defaultConfigurationIsVisible = 0;
			defaultConfigurationName = Release;
		};
/* End XCConfigurationList section */

/* Begin XCRemoteSwiftPackageReference section */
		B353E2122970071300C173CC /* XCRemoteSwiftPackageReference "GRMustache" */ = {
			isa = XCRemoteSwiftPackageReference;
			repositoryURL = "https://github.com/groue/GRMustache.swift";
			requirement = {
				kind = upToNextMajorVersion;
				minimumVersion = 4.0.0;
			};
		};
/* End XCRemoteSwiftPackageReference section */

/* Begin XCSwiftPackageProductDependency section */
		B353E2132970071300C173CC /* Mustache */ = {
			isa = XCSwiftPackageProductDependency;
			package = B353E2122970071300C173CC /* XCRemoteSwiftPackageReference "GRMustache" */;
			productName = Mustache;
		};
/* End XCSwiftPackageProductDependency section */
	};
	rootObject = B353E1F12970065A00C173CC /* Project object */;
}
